
Microsoft Visual Studio Solution File, Format Version 12.00
# Visual Studio Version 16
VisualStudioVersion = 16.0.31729.503
MinimumVisualStudioVersion = 10.0.40219.1
Project("{FAE04EC0-301F-11D3-BF4B-00C04F79EFBC}") = "CMS_LearningCenterMVC", "CMS_LearningCenterMVC.csproj", "{20863DA0-FF13-47DE-A9C3-15FBDA600D05}"
EndProject
Global
	GlobalSection(SolutionConfigurationPlatforms) = preSolution
		Debug|Any CPU = Debug|Any CPU
		Release|Any CPU = Release|Any CPU
	EndGlobalSection
	GlobalSection(ProjectConfigurationPlatforms) = postSolution
		{20863DA0-FF13-47DE-A9C3-15FBDA600D05}.Debug|Any CPU.ActiveCfg = Debug|Any CPU
		{20863DA0-FF13-47DE-A9C3-15FBDA600D05}.Debug|Any CPU.Build.0 = Debug|Any CPU
		{20863DA0-FF13-47DE-A9C3-15FBDA600D05}.Release|Any CPU.ActiveCfg = Release|Any CPU
		{20863DA0-FF13-47DE-A9C3-15FBDA600D05}.Release|Any CPU.Build.0 = Release|Any CPU
	EndGlobalSection
	GlobalSection(SolutionProperties) = preSolution
		HideSolutionNode = FALSE
	EndGlobalSection
	GlobalSection(ExtensibilityGlobals) = postSolution
		SolutionGuid = {8DA307BE-FBF6-4D62-BBDB-F3457DE39ED9}
	EndGlobalSection
EndGlobal
